{
  "originHash" : "8f81fc3ccedfb59aa5e1d2088a8b545510d8360f29602ebe7d3172693f614d3b",
  "pins" : [
    {
      "identity" : "moonshine-swift",
      "kind" : "remoteSourceControl",
      "location" : "https://github.com/moonshine-ai/moonshine-swift",
      "state" : {
        "revision" : "45a14f9edf1f2a6913d3aff38c1fd4e72d5b7daa",
        "version" : "0.1.5"
      }
    }
  ],
  "version" : 3
}
