// !$*UTF8*$!
{
	archiveVersion = 1;
	classes = {
	};
	objectVersion = 77;
	objects = {

/* Begin PBXBuildFile section */
		070C1FF7FAB9E1601A013A8D /* SharedContainerStore.swift in Sources */ = {isa = PBXBuildFile; fileRef = 4FFB9DD2854EC941D0FD6556 /* SharedContainerStore.swift */; };
		17A9F745CBBE4E208388224D /* SaywickActivityAttributes.swift in Sources */ = {isa = PBXBuildFile; fileRef = D24359AF657262E1272CED75 /* SaywickActivityAttributes.swift */; };
		1DD567914466592C2DC22D2C /* AppModel.swift in Sources */ = {isa = PBXBuildFile; fileRef = A63E669DBA875ACF94AF0347 /* AppModel.swift */; };
		1F55595D4FC78BA27DD63183 /* SaywickActivityAttributes.swift in Sources */ = {isa = PBXBuildFile; fileRef = D24359AF657262E1272CED75 /* SaywickActivityAttributes.swift */; };
		23E7DCF59E81B8FD15972FAE /* VoiceKeyboardCore in Frameworks */ = {isa = PBXBuildFile; productRef = D15228EBD676D4068BBB81CD /* VoiceKeyboardCore */; };
		2766FD32F9D27813E9CE3A34 /* LocalVoiceKeyboardApp.swift in Sources */ = {isa = PBXBuildFile; fileRef = 423A1BEFE01B282A932C34FD /* LocalVoiceKeyboardApp.swift */; };
		292A23A336004CFBCBB9A8E5 /* SaywickStatusWidget.swift in Sources */ = {isa = PBXBuildFile; fileRef = EDC3BB93A1446E32DFD18AFF /* SaywickStatusWidget.swift */; };
		2FC1B0BE637C178D8B07AFE0 /* MAIVoiceLiveEngine.swift in Sources */ = {isa = PBXBuildFile; fileRef = 5C0E4912561C2E30AE45361F /* MAIVoiceLiveEngine.swift */; };
		3151C534667EDE188A6F2583 /* AzureCredentialStore.swift in Sources */ = {isa = PBXBuildFile; fileRef = EB31ABB578544BF7888D47D2 /* AzureCredentialStore.swift */; };
		343A91BB25887DB49FC67882 /* LiveSpeechEngine.swift in Sources */ = {isa = PBXBuildFile; fileRef = 32DC307396E107EBAE888CC2 /* LiveSpeechEngine.swift */; };
		38DB1884EBE1F7529E84BF35 /* MoonshineSpeechEngine.swift in Sources */ = {isa = PBXBuildFile; fileRef = 1195A215E258D73AF08DD39B /* MoonshineSpeechEngine.swift */; };
		42C0D4CF1D34230AF6185719 /* KeyboardViewController.swift in Sources */ = {isa = PBXBuildFile; fileRef = 3EC1322D5448A00A21CB2B14 /* KeyboardViewController.swift */; };
		49E9B7725F8AE49BBF434D8D /* AudioArchiveTests.swift in Sources */ = {isa = PBXBuildFile; fileRef = C097089A6D12A9A00ADBA05B /* AudioArchiveTests.swift */; };
		50E49238DDC8AD63B5876D67 /* ContentView.swift in Sources */ = {isa = PBXBuildFile; fileRef = 16F48D0C066B778C0A1EBB5B /* ContentView.swift */; };
		5124B18649C07B3A22B4FCA2 /* SharedAudioInbox.swift in Sources */ = {isa = PBXBuildFile; fileRef = 355C6F297E1E8BB9AA72C488 /* SharedAudioInbox.swift */; };
		5B18FC9BD01C6B7F2982CF4C /* VoiceKeyboardCore in Frameworks */ = {isa = PBXBuildFile; productRef = ADD1935DA754A8AA5761ECFF /* VoiceKeyboardCore */; };
		5F2C4DF5710B6DC337349F11 /* TranscriptPostProcessor.swift in Sources */ = {isa = PBXBuildFile; fileRef = 1BB5955F4FF7F4A75BADEFAF /* TranscriptPostProcessor.swift */; };
		61AA3CC3A00DED11C9B771C7 /* ShareViewController.swift in Sources */ = {isa = PBXBuildFile; fileRef = BF09A0C5E0CA1FC1C461FBFF /* ShareViewController.swift */; };
		651004C87D822D55D97A5105 /* LocalVoice.appex in Embed Foundation Extensions */ = {isa = PBXBuildFile; fileRef = BE99E44F562EA8A68DE1AC4D /* LocalVoice.appex */; settings = {ATTRIBUTES = (RemoveHeadersOnCopy, ); }; };
		66FC9039525129C9F3212D4B /* SharedAudioInbox.swift in Sources */ = {isa = PBXBuildFile; fileRef = 355C6F297E1E8BB9AA72C488 /* SharedAudioInbox.swift */; };
		71BA49CA6EFF0834F4F19990 /* AudioArchive.swift in Sources */ = {isa = PBXBuildFile; fileRef = E2002FD6FF9430DA963512EE /* AudioArchive.swift */; };
		8275C244C9A0569950349B9B /* RecordingActivity.swift in Sources */ = {isa = PBXBuildFile; fileRef = 22B13E1441278C5EF0779F47 /* RecordingActivity.swift */; };
		881D5343202FC130F7F0D8D3 /* SaywickShortcuts.swift in Sources */ = {isa = PBXBuildFile; fileRef = EE122408C8E17FD744FA4E57 /* SaywickShortcuts.swift */; };
		8E10096494BA48F5BFB7DCD7 /* SaywickShare.appex in Embed Foundation Extensions */ = {isa = PBXBuildFile; fileRef = 425316548774BDB922FA1438 /* SaywickShare.appex */; settings = {ATTRIBUTES = (RemoveHeadersOnCopy, ); }; };
		94D52ADC7006AE5BA2F1AF69 /* AudioFileTranscriber.swift in Sources */ = {isa = PBXBuildFile; fileRef = 6AA3949B1A9D890342FFC152 /* AudioFileTranscriber.swift */; };
		99093EA3411FE3634DBEEC98 /* AudioBufferConverter.swift in Sources */ = {isa = PBXBuildFile; fileRef = CD68DE3033ED8394CD2AD1F0 /* AudioBufferConverter.swift */; };
		9DB8EFE3EC4B80DF1ECDC3D5 /* AppleSpeechAnalyzerEngine.swift in Sources */ = {isa = PBXBuildFile; fileRef = 42172324AD91A77C5E6E387B /* AppleSpeechAnalyzerEngine.swift */; };
		A16D77A31798FBDA1A46C7D0 /* MAISpeechEngine.swift in Sources */ = {isa = PBXBuildFile; fileRef = CF698AFFB4FDEA44437C6506 /* MAISpeechEngine.swift */; };
		BDCA94084357E2D17993FE0D /* SaywickActivityAttributes.swift in Sources */ = {isa = PBXBuildFile; fileRef = D24359AF657262E1272CED75 /* SaywickActivityAttributes.swift */; };
		C12CB502980D067A2CBD3AA9 /* SharedAudioInbox.swift in Sources */ = {isa = PBXBuildFile; fileRef = 355C6F297E1E8BB9AA72C488 /* SharedAudioInbox.swift */; };
		C1CB30EE5AB2A6071D0F5D45 /* SimulatorSpeechEngine.swift in Sources */ = {isa = PBXBuildFile; fileRef = 4AB6CB5EA2C7907F47149BFF /* SimulatorSpeechEngine.swift */; };
		CA43F52962D0BA6D9A86BAD7 /* HistoryView.swift in Sources */ = {isa = PBXBuildFile; fileRef = 758EAF0B3DA0081B8DC21E90 /* HistoryView.swift */; };
		D421BF6B529B93158F38774F /* SharedContainerStore.swift in Sources */ = {isa = PBXBuildFile; fileRef = 4FFB9DD2854EC941D0FD6556 /* SharedContainerStore.swift */; };
		DA9D08B5C2B7CA7A8BD9973F /* MoonshineVoice in Frameworks */ = {isa = PBXBuildFile; productRef = 9399BDD74AE5666DE389AE47 /* MoonshineVoice */; };
		DBF451F3F56E68115655EFBB /* HistoryModel.swift in Sources */ = {isa = PBXBuildFile; fileRef = 0CB38139D1AA0D3F58532314 /* HistoryModel.swift */; };
		E61F2ED22F046885B833256A /* LocalVoiceKeyboardUITests.swift in Sources */ = {isa = PBXBuildFile; fileRef = 42D533136756B5A1E77668B7 /* LocalVoiceKeyboardUITests.swift */; };
		F63B537D03A0C9351FBD1969 /* SaywickStatus.appex in Embed Foundation Extensions */ = {isa = PBXBuildFile; fileRef = 357D0D7F51DDEDA52F06CED6 /* SaywickStatus.appex */; settings = {ATTRIBUTES = (RemoveHeadersOnCopy, ); }; };
/* End PBXBuildFile section */

/* Begin PBXContainerItemProxy section */
		12F621A88E079FDCB6EB3510 /* PBXContainerItemProxy */ = {
			isa = PBXContainerItemProxy;
			containerPortal = D9E1F69A3B09C6A606D20B84 /* Project object */;
			proxyType = 1;
			remoteGlobalIDString = 93E2176797081E948CCE463F;
			remoteInfo = LocalVoiceKeyboardExtension;
		};
		6DAD5102EA24A3BF498A0EDC /* PBXContainerItemProxy */ = {
			isa = PBXContainerItemProxy;
			containerPortal = D9E1F69A3B09C6A606D20B84 /* Project object */;
			proxyType = 1;
			remoteGlobalIDString = B1A8F5427508B0B1386238A0;
			remoteInfo = SaywickShare;
		};
		A8D2F38A9C2BA90B51519E64 /* PBXContainerItemProxy */ = {
			isa = PBXContainerItemProxy;
			containerPortal = D9E1F69A3B09C6A606D20B84 /* Project object */;
			proxyType = 1;
			remoteGlobalIDString = 5020AFFF60B5BE4009505F87;
			remoteInfo = LocalVoiceKeyboard;
		};
		AC5D2BBCF27A48654D9CEEC5 /* PBXContainerItemProxy */ = {
			isa = PBXContainerItemProxy;
			containerPortal = D9E1F69A3B09C6A606D20B84 /* Project object */;
			proxyType = 1;
			remoteGlobalIDString = 72F7BEC905982E497B096DB3;
			remoteInfo = SaywickStatus;
		};
		D2A41F99BF891BF4E8263342 /* PBXContainerItemProxy */ = {
			isa = PBXContainerItemProxy;
			containerPortal = D9E1F69A3B09C6A606D20B84 /* Project object */;
			proxyType = 1;
			remoteGlobalIDString = 5020AFFF60B5BE4009505F87;
			remoteInfo = LocalVoiceKeyboard;
		};
/* End PBXContainerItemProxy section */

/* Begin PBXCopyFilesBuildPhase section */
		7A9F13C6BFD507D7388D5769 /* Embed Foundation Extensions */ = {
			isa = PBXCopyFilesBuildPhase;
			buildActionMask = 2147483647;
			dstPath = "";
			dstSubfolderSpec = 13;
			files = (
				651004C87D822D55D97A5105 /* LocalVoice.appex in Embed Foundation Extensions */,
				8E10096494BA48F5BFB7DCD7 /* SaywickShare.appex in Embed Foundation Extensions */,
				F63B537D03A0C9351FBD1969 /* SaywickStatus.appex in Embed Foundation Extensions */,
			);
			name = "Embed Foundation Extensions";
			runOnlyForDeploymentPostprocessing = 0;
		};
/* End PBXCopyFilesBuildPhase section */

/* Begin PBXFileReference section */
		0CB38139D1AA0D3F58532314 /* HistoryModel.swift */ = {isa = PBXFileReference; lastKnownFileType = sourcecode.swift; path = HistoryModel.swift; sourceTree = "<group>"; };
		1195A215E258D73AF08DD39B /* MoonshineSpeechEngine.swift */ = {isa = PBXFileReference; lastKnownFileType = sourcecode.swift; path = MoonshineSpeechEngine.swift; sourceTree = "<group>"; };
		16F48D0C066B778C0A1EBB5B /* ContentView.swift */ = {isa = PBXFileReference; lastKnownFileType = sourcecode.swift; path = ContentView.swift; sourceTree = "<group>"; };
		1BB5955F4FF7F4A75BADEFAF /* TranscriptPostProcessor.swift */ = {isa = PBXFileReference; lastKnownFileType = sourcecode.swift; path = TranscriptPostProcessor.swift; sourceTree = "<group>"; };
		22B13E1441278C5EF0779F47 /* RecordingActivity.swift */ = {isa = PBXFileReference; lastKnownFileType = sourcecode.swift; path = RecordingActivity.swift; sourceTree = "<group>"; };
		32DC307396E107EBAE888CC2 /* LiveSpeechEngine.swift */ = {isa = PBXFileReference; lastKnownFileType = sourcecode.swift; path = LiveSpeechEngine.swift; sourceTree = "<group>"; };
		355C6F297E1E8BB9AA72C488 /* SharedAudioInbox.swift */ = {isa = PBXFileReference; lastKnownFileType = sourcecode.swift; path = SharedAudioInbox.swift; sourceTree = "<group>"; };
		357D0D7F51DDEDA52F06CED6 /* SaywickStatus.appex */ = {isa = PBXFileReference; includeInIndex = 0; lastKnownFileType = "wrapper.app-extension"; path = SaywickStatus.appex; sourceTree = BUILT_PRODUCTS_DIR; };
		3EC1322D5448A00A21CB2B14 /* KeyboardViewController.swift */ = {isa = PBXFileReference; lastKnownFileType = sourcecode.swift; path = KeyboardViewController.swift; sourceTree = "<group>"; };
		42172324AD91A77C5E6E387B /* AppleSpeechAnalyzerEngine.swift */ = {isa = PBXFileReference; lastKnownFileType = sourcecode.swift; path = AppleSpeechAnalyzerEngine.swift; sourceTree = "<group>"; };
		423A1BEFE01B282A932C34FD /* LocalVoiceKeyboardApp.swift */ = {isa = PBXFileReference; lastKnownFileType = sourcecode.swift; path = LocalVoiceKeyboardApp.swift; sourceTree = "<group>"; };
		425316548774BDB922FA1438 /* SaywickShare.appex */ = {isa = PBXFileReference; includeInIndex = 0; lastKnownFileType = "wrapper.app-extension"; path = SaywickShare.appex; sourceTree = BUILT_PRODUCTS_DIR; };
		42D533136756B5A1E77668B7 /* LocalVoiceKeyboardUITests.swift */ = {isa = PBXFileReference; lastKnownFileType = sourcecode.swift; path = LocalVoiceKeyboardUITests.swift; sourceTree = "<group>"; };
		464B1A272E043D1D8D291747 /* SaywickAppTests.xctest */ = {isa = PBXFileReference; includeInIndex = 0; lastKnownFileType = wrapper.cfbundle; path = SaywickAppTests.xctest; sourceTree = BUILT_PRODUCTS_DIR; };
		4AB6CB5EA2C7907F47149BFF /* SimulatorSpeechEngine.swift */ = {isa = PBXFileReference; lastKnownFileType = sourcecode.swift; path = SimulatorSpeechEngine.swift; sourceTree = "<group>"; };
		4FFB9DD2854EC941D0FD6556 /* SharedContainerStore.swift */ = {isa = PBXFileReference; lastKnownFileType = sourcecode.swift; path = SharedContainerStore.swift; sourceTree = "<group>"; };
		53D6E2EA1EED24AC7088DEC1 /* Base.xcconfig */ = {isa = PBXFileReference; lastKnownFileType = text.xcconfig; path = Base.xcconfig; sourceTree = "<group>"; };
		5C0E4912561C2E30AE45361F /* MAIVoiceLiveEngine.swift */ = {isa = PBXFileReference; lastKnownFileType = sourcecode.swift; path = MAIVoiceLiveEngine.swift; sourceTree = "<group>"; };
		6AA3949B1A9D890342FFC152 /* AudioFileTranscriber.swift */ = {isa = PBXFileReference; lastKnownFileType = sourcecode.swift; path = AudioFileTranscriber.swift; sourceTree = "<group>"; };
		758EAF0B3DA0081B8DC21E90 /* HistoryView.swift */ = {isa = PBXFileReference; lastKnownFileType = sourcecode.swift; path = HistoryView.swift; sourceTree = "<group>"; };
		911EA690314F97FEDF3630FA /* LocalVoiceKeyboard.app */ = {isa = PBXFileReference; includeInIndex = 0; lastKnownFileType = wrapper.application; path = LocalVoiceKeyboard.app; sourceTree = BUILT_PRODUCTS_DIR; };
		9CEA115C0BBB7DE079C4F0AE /* ios_kb */ = {isa = PBXFileReference; lastKnownFileType = folder; name = ios_kb; path = .; sourceTree = SOURCE_ROOT; };
		A63E669DBA875ACF94AF0347 /* AppModel.swift */ = {isa = PBXFileReference; lastKnownFileType = sourcecode.swift; path = AppModel.swift; sourceTree = "<group>"; };
		BE99E44F562EA8A68DE1AC4D /* LocalVoice.appex */ = {isa = PBXFileReference; includeInIndex = 0; lastKnownFileType = "wrapper.app-extension"; path = LocalVoice.appex; sourceTree = BUILT_PRODUCTS_DIR; };
		BF09A0C5E0CA1FC1C461FBFF /* ShareViewController.swift */ = {isa = PBXFileReference; lastKnownFileType = sourcecode.swift; path = ShareViewController.swift; sourceTree = "<group>"; };
		C097089A6D12A9A00ADBA05B /* AudioArchiveTests.swift */ = {isa = PBXFileReference; lastKnownFileType = sourcecode.swift; path = AudioArchiveTests.swift; sourceTree = "<group>"; };
		CD68DE3033ED8394CD2AD1F0 /* AudioBufferConverter.swift */ = {isa = PBXFileReference; lastKnownFileType = sourcecode.swift; path = AudioBufferConverter.swift; sourceTree = "<group>"; };
		CF698AFFB4FDEA44437C6506 /* MAISpeechEngine.swift */ = {isa = PBXFileReference; lastKnownFileType = sourcecode.swift; path = MAISpeechEngine.swift; sourceTree = "<group>"; };
		D24359AF657262E1272CED75 /* SaywickActivityAttributes.swift */ = {isa = PBXFileReference; lastKnownFileType = sourcecode.swift; path = SaywickActivityAttributes.swift; sourceTree = "<group>"; };
		E2002FD6FF9430DA963512EE /* AudioArchive.swift */ = {isa = PBXFileReference; lastKnownFileType = sourcecode.swift; path = AudioArchive.swift; sourceTree = "<group>"; };
		EB31ABB578544BF7888D47D2 /* AzureCredentialStore.swift */ = {isa = PBXFileReference; lastKnownFileType = sourcecode.swift; path = AzureCredentialStore.swift; sourceTree = "<group>"; };
		ECD3D267257E9E9F2AA68585 /* LocalVoiceKeyboardUITests.xctest */ = {isa = PBXFileReference; includeInIndex = 0; lastKnownFileType = wrapper.cfbundle; path = LocalVoiceKeyboardUITests.xctest; sourceTree = BUILT_PRODUCTS_DIR; };
		EDC3BB93A1446E32DFD18AFF /* SaywickStatusWidget.swift */ = {isa = PBXFileReference; lastKnownFileType = sourcecode.swift; path = SaywickStatusWidget.swift; sourceTree = "<group>"; };
		EE122408C8E17FD744FA4E57 /* SaywickShortcuts.swift */ = {isa = PBXFileReference; lastKnownFileType = sourcecode.swift; path = SaywickShortcuts.swift; sourceTree = "<group>"; };
/* End PBXFileReference section */

/* Begin PBXFrameworksBuildPhase section */
		5C52C86D1CE56D0365543D79 /* Frameworks */ = {
			isa = PBXFrameworksBuildPhase;
			buildActionMask = 2147483647;
			files = (
				5B18FC9BD01C6B7F2982CF4C /* VoiceKeyboardCore in Frameworks */,
				DA9D08B5C2B7CA7A8BD9973F /* MoonshineVoice in Frameworks */,
			);
			runOnlyForDeploymentPostprocessing = 0;
		};
		7B617F949C2041D10DADCFDC /* Frameworks */ = {
			isa = PBXFrameworksBuildPhase;
			buildActionMask = 2147483647;
			files = (
				23E7DCF59E81B8FD15972FAE /* VoiceKeyboardCore in Frameworks */,
			);
			runOnlyForDeploymentPostprocessing = 0;
		};
/* End PBXFrameworksBuildPhase section */

/* Begin PBXGroup section */
		053F484A2BECDAB9BF1067B2 /* StatusWidget */ = {
			isa = PBXGroup;
			children = (
				EDC3BB93A1446E32DFD18AFF /* SaywickStatusWidget.swift */,
			);
			name = StatusWidget;
			path = Sources/StatusWidget;
			sourceTree = "<group>";
		};
		153E76E1459E2959A6E72241 /* Config */ = {
			isa = PBXGroup;
			children = (
				53D6E2EA1EED24AC7088DEC1 /* Base.xcconfig */,
			);
			path = Config;
			sourceTree = "<group>";
		};
		2A11066B6235AFE45F4EB8FA /* LocalVoiceKeyboardUITests */ = {
			isa = PBXGroup;
			children = (
				42D533136756B5A1E77668B7 /* LocalVoiceKeyboardUITests.swift */,
			);
			name = LocalVoiceKeyboardUITests;
			path = Tests/LocalVoiceKeyboardUITests;
			sourceTree = "<group>";
		};
		2AFE53150E91F3DDB3A36A76 /* Packages */ = {
			isa = PBXGroup;
			children = (
				9CEA115C0BBB7DE079C4F0AE /* ios_kb */,
			);
			name = Packages;
			sourceTree = "<group>";
		};
		3A8F06F6670C549F6994B881 /* Engines */ = {
			isa = PBXGroup;
			children = (
				42172324AD91A77C5E6E387B /* AppleSpeechAnalyzerEngine.swift */,
				E2002FD6FF9430DA963512EE /* AudioArchive.swift */,
				CD68DE3033ED8394CD2AD1F0 /* AudioBufferConverter.swift */,
				6AA3949B1A9D890342FFC152 /* AudioFileTranscriber.swift */,
				EB31ABB578544BF7888D47D2 /* AzureCredentialStore.swift */,
				32DC307396E107EBAE888CC2 /* LiveSpeechEngine.swift */,
				CF698AFFB4FDEA44437C6506 /* MAISpeechEngine.swift */,
				5C0E4912561C2E30AE45361F /* MAIVoiceLiveEngine.swift */,
				1195A215E258D73AF08DD39B /* MoonshineSpeechEngine.swift */,
				4AB6CB5EA2C7907F47149BFF /* SimulatorSpeechEngine.swift */,
			);
			path = Engines;
			sourceTree = "<group>";
		};
		3B8C5252959D02FEB5010AE9 /* Shared */ = {
			isa = PBXGroup;
			children = (
				D24359AF657262E1272CED75 /* SaywickActivityAttributes.swift */,
				355C6F297E1E8BB9AA72C488 /* SharedAudioInbox.swift */,
				4FFB9DD2854EC941D0FD6556 /* SharedContainerStore.swift */,
			);
			name = Shared;
			path = Sources/Shared;
			sourceTree = "<group>";
		};
		3F3215FE98687184691F05BC /* Products */ = {
			isa = PBXGroup;
			children = (
				BE99E44F562EA8A68DE1AC4D /* LocalVoice.appex */,
				911EA690314F97FEDF3630FA /* LocalVoiceKeyboard.app */,
				ECD3D267257E9E9F2AA68585 /* LocalVoiceKeyboardUITests.xctest */,
				464B1A272E043D1D8D291747 /* SaywickAppTests.xctest */,
				425316548774BDB922FA1438 /* SaywickShare.appex */,
				357D0D7F51DDEDA52F06CED6 /* SaywickStatus.appex */,
			);
			name = Products;
			sourceTree = "<group>";
		};
		50477A53F563DDE66FC9BC3E /* ShareExtension */ = {
			isa = PBXGroup;
			children = (
				BF09A0C5E0CA1FC1C461FBFF /* ShareViewController.swift */,
			);
			name = ShareExtension;
			path = Sources/ShareExtension;
			sourceTree = "<group>";
		};
		5FCE9DB949D586ADFC909E9C /* PostProcessing */ = {
			isa = PBXGroup;
			children = (
				1BB5955F4FF7F4A75BADEFAF /* TranscriptPostProcessor.swift */,
			);
			path = PostProcessing;
			sourceTree = "<group>";
		};
		98C65C627ED84FA9471DBB7B /* App */ = {
			isa = PBXGroup;
			children = (
				A63E669DBA875ACF94AF0347 /* AppModel.swift */,
				0CB38139D1AA0D3F58532314 /* HistoryModel.swift */,
				423A1BEFE01B282A932C34FD /* LocalVoiceKeyboardApp.swift */,
				22B13E1441278C5EF0779F47 /* RecordingActivity.swift */,
				EE122408C8E17FD744FA4E57 /* SaywickShortcuts.swift */,
				3A8F06F6670C549F6994B881 /* Engines */,
				5FCE9DB949D586ADFC909E9C /* PostProcessing */,
				E5800C7270DA98FC0F5A9160 /* Views */,
			);
			name = App;
			path = Sources/App;
			sourceTree = "<group>";
		};
		BDF61D561497FCE4A143781A /* KeyboardExtension */ = {
			isa = PBXGroup;
			children = (
				3EC1322D5448A00A21CB2B14 /* KeyboardViewController.swift */,
			);
			name = KeyboardExtension;
			path = Sources/KeyboardExtension;
			sourceTree = "<group>";
		};
		E5800C7270DA98FC0F5A9160 /* Views */ = {
			isa = PBXGroup;
			children = (
				16F48D0C066B778C0A1EBB5B /* ContentView.swift */,
				758EAF0B3DA0081B8DC21E90 /* HistoryView.swift */,
			);
			path = Views;
			sourceTree = "<group>";
		};
		FC52C214F78404951521524A = {
			isa = PBXGroup;
			children = (
				98C65C627ED84FA9471DBB7B /* App */,
				153E76E1459E2959A6E72241 /* Config */,
				BDF61D561497FCE4A143781A /* KeyboardExtension */,
				2A11066B6235AFE45F4EB8FA /* LocalVoiceKeyboardUITests */,
				2AFE53150E91F3DDB3A36A76 /* Packages */,
				FC8B130F58C6BC35F6610181 /* SaywickAppTests */,
				3B8C5252959D02FEB5010AE9 /* Shared */,
				50477A53F563DDE66FC9BC3E /* ShareExtension */,
				053F484A2BECDAB9BF1067B2 /* StatusWidget */,
				3F3215FE98687184691F05BC /* Products */,
			);
			sourceTree = "<group>";
		};
		FC8B130F58C6BC35F6610181 /* SaywickAppTests */ = {
			isa = PBXGroup;
			children = (
				C097089A6D12A9A00ADBA05B /* AudioArchiveTests.swift */,
			);
			name = SaywickAppTests;
			path = Tests/SaywickAppTests;
			sourceTree = "<group>";
		};
/* End PBXGroup section */

/* Begin PBXNativeTarget section */
		2A26347C8CE8911ED5C25B23 /* SaywickAppTests */ = {
			isa = PBXNativeTarget;
			buildConfigurationList = 35EA60D3C9F094D75188907D /* Build configuration list for PBXNativeTarget "SaywickAppTests" */;
			buildPhases = (
				2B4E8DA0FBC4FD2D5F603ECF /* Sources */,
			);
			buildRules = (
			);
			dependencies = (
				B218FFFF6CDDB3F7D2D9DC62 /* PBXTargetDependency */,
			);
			name = SaywickAppTests;
			packageProductDependencies = (
			);
			productName = SaywickAppTests;
			productReference = 464B1A272E043D1D8D291747 /* SaywickAppTests.xctest */;
			productType = "com.apple.product-type.bundle.unit-test";
		};
		5020AFFF60B5BE4009505F87 /* LocalVoiceKeyboard */ = {
			isa = PBXNativeTarget;
			buildConfigurationList = B4BDB15D4375A4ABA7E5A88A /* Build configuration list for PBXNativeTarget "LocalVoiceKeyboard" */;
			buildPhases = (
				9DF556B897295A5A3A0214D4 /* Sources */,
				5C52C86D1CE56D0365543D79 /* Frameworks */,
				7A9F13C6BFD507D7388D5769 /* Embed Foundation Extensions */,
			);
			buildRules = (
			);
			dependencies = (
				5E18F0EE41344AA331D9A5AB /* PBXTargetDependency */,
				D3E7F38BF9C093EA9C868EA1 /* PBXTargetDependency */,
				778E57D79822638A720B0A59 /* PBXTargetDependency */,
			);
			name = LocalVoiceKeyboard;
			packageProductDependencies = (
				ADD1935DA754A8AA5761ECFF /* VoiceKeyboardCore */,
				9399BDD74AE5666DE389AE47 /* MoonshineVoice */,
			);
			productName = LocalVoiceKeyboard;
			productReference = 911EA690314F97FEDF3630FA /* LocalVoiceKeyboard.app */;
			productType = "com.apple.product-type.application";
		};
		72F7BEC905982E497B096DB3 /* SaywickStatus */ = {
			isa = PBXNativeTarget;
			buildConfigurationList = 7EDC3A3B0FB92022E5BEC616 /* Build configuration list for PBXNativeTarget "SaywickStatus" */;
			buildPhases = (
				20630F1CFB588BBE7FAF07E5 /* Sources */,
			);
			buildRules = (
			);
			dependencies = (
			);
			name = SaywickStatus;
			packageProductDependencies = (
			);
			productName = SaywickStatus;
			productReference = 357D0D7F51DDEDA52F06CED6 /* SaywickStatus.appex */;
			productType = "com.apple.product-type.app-extension";
		};
		93E2176797081E948CCE463F /* LocalVoiceKeyboardExtension */ = {
			isa = PBXNativeTarget;
			buildConfigurationList = 91F2397A6B7EB26DE6D847F5 /* Build configuration list for PBXNativeTarget "LocalVoiceKeyboardExtension" */;
			buildPhases = (
				AFBFBD800FD598E0A9B35198 /* Sources */,
				7B617F949C2041D10DADCFDC /* Frameworks */,
			);
			buildRules = (
			);
			dependencies = (
			);
			name = LocalVoiceKeyboardExtension;
			packageProductDependencies = (
				D15228EBD676D4068BBB81CD /* VoiceKeyboardCore */,
			);
			productName = LocalVoiceKeyboardExtension;
			productReference = BE99E44F562EA8A68DE1AC4D /* LocalVoice.appex */;
			productType = "com.apple.product-type.app-extension";
		};
		A5A0F1E617B1FD96B69B00F8 /* LocalVoiceKeyboardUITests */ = {
			isa = PBXNativeTarget;
			buildConfigurationList = AF9D489BB0891C74AEE0F6BE /* Build configuration list for PBXNativeTarget "LocalVoiceKeyboardUITests" */;
			buildPhases = (
				D0DBD916AB7DA8EA47253484 /* Sources */,
			);
			buildRules = (
			);
			dependencies = (
				F4D5DCE4817C315F85097FF7 /* PBXTargetDependency */,
			);
			name = LocalVoiceKeyboardUITests;
			packageProductDependencies = (
			);
			productName = LocalVoiceKeyboardUITests;
			productReference = ECD3D267257E9E9F2AA68585 /* LocalVoiceKeyboardUITests.xctest */;
			productType = "com.apple.product-type.bundle.ui-testing";
		};
		B1A8F5427508B0B1386238A0 /* SaywickShare */ = {
			isa = PBXNativeTarget;
			buildConfigurationList = E90733C033196DA05B3E75CA /* Build configuration list for PBXNativeTarget "SaywickShare" */;
			buildPhases = (
				F8F591A8DA75766A49C18D23 /* Sources */,
			);
			buildRules = (
			);
			dependencies = (
			);
			name = SaywickShare;
			packageProductDependencies = (
			);
			productName = SaywickShare;
			productReference = 425316548774BDB922FA1438 /* SaywickShare.appex */;
			productType = "com.apple.product-type.app-extension";
		};
/* End PBXNativeTarget section */

/* Begin PBXProject section */
		D9E1F69A3B09C6A606D20B84 /* Project object */ = {
			isa = PBXProject;
			attributes = {
				BuildIndependentTargetsInParallel = YES;
				LastUpgradeCheck = 2600;
				TargetAttributes = {
					2A26347C8CE8911ED5C25B23 = {
						DevelopmentTeam = "";
						ProvisioningStyle = Automatic;
					};
					5020AFFF60B5BE4009505F87 = {
						DevelopmentTeam = "";
						ProvisioningStyle = Automatic;
						SystemCapabilities = "[\"com.apple.BackgroundModes\": [\"enabled\": 1], \"com.apple.ApplicationGroups.iOS\": [\"enabled\": 1]]";
					};
					72F7BEC905982E497B096DB3 = {
						DevelopmentTeam = "";
						ProvisioningStyle = Automatic;
					};
					93E2176797081E948CCE463F = {
						DevelopmentTeam = "";
						ProvisioningStyle = Automatic;
						SystemCapabilities = "[\"com.apple.ApplicationGroups.iOS\": [\"enabled\": 1]]";
					};
					A5A0F1E617B1FD96B69B00F8 = {
						DevelopmentTeam = "";
						ProvisioningStyle = Automatic;
						TestTargetID = 5020AFFF60B5BE4009505F87;
					};
					B1A8F5427508B0B1386238A0 = {
						DevelopmentTeam = "";
						ProvisioningStyle = Automatic;
					};
				};
			};
			buildConfigurationList = 03734D6A07D9C75808D16C3F /* Build configuration list for PBXProject "LocalVoiceKeyboard" */;
			developmentRegion = en;
			hasScannedForEncodings = 0;
			knownRegions = (
				Base,
				en,
			);
			mainGroup = FC52C214F78404951521524A;
			minimizedProjectReferenceProxies = 1;
			packageReferences = (
				07719D75A433CCF4EA666C0A /* XCRemoteSwiftPackageReference "moonshine-swift" */,
				748CD0428E5D6DA0D955C4F9 /* XCLocalSwiftPackageReference "." */,
			);
			preferredProjectObjectVersion = 77;
			productRefGroup = 3F3215FE98687184691F05BC /* Products */;
			projectDirPath = "";
			projectRoot = "";
			targets = (
				5020AFFF60B5BE4009505F87 /* LocalVoiceKeyboard */,
				93E2176797081E948CCE463F /* LocalVoiceKeyboardExtension */,
				B1A8F5427508B0B1386238A0 /* SaywickShare */,
				72F7BEC905982E497B096DB3 /* SaywickStatus */,
				2A26347C8CE8911ED5C25B23 /* SaywickAppTests */,
				A5A0F1E617B1FD96B69B00F8 /* LocalVoiceKeyboardUITests */,
			);
		};
/* End PBXProject section */

/* Begin PBXSourcesBuildPhase section */
		20630F1CFB588BBE7FAF07E5 /* Sources */ = {
			isa = PBXSourcesBuildPhase;
			buildActionMask = 2147483647;
			files = (
				BDCA94084357E2D17993FE0D /* SaywickActivityAttributes.swift in Sources */,
				292A23A336004CFBCBB9A8E5 /* SaywickStatusWidget.swift in Sources */,
			);
			runOnlyForDeploymentPostprocessing = 0;
		};
		2B4E8DA0FBC4FD2D5F603ECF /* Sources */ = {
			isa = PBXSourcesBuildPhase;
			buildActionMask = 2147483647;
			files = (
				49E9B7725F8AE49BBF434D8D /* AudioArchiveTests.swift in Sources */,
			);
			runOnlyForDeploymentPostprocessing = 0;
		};
		9DF556B897295A5A3A0214D4 /* Sources */ = {
			isa = PBXSourcesBuildPhase;
			buildActionMask = 2147483647;
			files = (
				1DD567914466592C2DC22D2C /* AppModel.swift in Sources */,
				9DB8EFE3EC4B80DF1ECDC3D5 /* AppleSpeechAnalyzerEngine.swift in Sources */,
				71BA49CA6EFF0834F4F19990 /* AudioArchive.swift in Sources */,
				99093EA3411FE3634DBEEC98 /* AudioBufferConverter.swift in Sources */,
				94D52ADC7006AE5BA2F1AF69 /* AudioFileTranscriber.swift in Sources */,
				3151C534667EDE188A6F2583 /* AzureCredentialStore.swift in Sources */,
				50E49238DDC8AD63B5876D67 /* ContentView.swift in Sources */,
				DBF451F3F56E68115655EFBB /* HistoryModel.swift in Sources */,
				CA43F52962D0BA6D9A86BAD7 /* HistoryView.swift in Sources */,
				343A91BB25887DB49FC67882 /* LiveSpeechEngine.swift in Sources */,
				2766FD32F9D27813E9CE3A34 /* LocalVoiceKeyboardApp.swift in Sources */,
				A16D77A31798FBDA1A46C7D0 /* MAISpeechEngine.swift in Sources */,
				2FC1B0BE637C178D8B07AFE0 /* MAIVoiceLiveEngine.swift in Sources */,
				38DB1884EBE1F7529E84BF35 /* MoonshineSpeechEngine.swift in Sources */,
				8275C244C9A0569950349B9B /* RecordingActivity.swift in Sources */,
				17A9F745CBBE4E208388224D /* SaywickActivityAttributes.swift in Sources */,
				881D5343202FC130F7F0D8D3 /* SaywickShortcuts.swift in Sources */,
				C12CB502980D067A2CBD3AA9 /* SharedAudioInbox.swift in Sources */,
				070C1FF7FAB9E1601A013A8D /* SharedContainerStore.swift in Sources */,
				C1CB30EE5AB2A6071D0F5D45 /* SimulatorSpeechEngine.swift in Sources */,
				5F2C4DF5710B6DC337349F11 /* TranscriptPostProcessor.swift in Sources */,
			);
			runOnlyForDeploymentPostprocessing = 0;
		};
		AFBFBD800FD598E0A9B35198 /* Sources */ = {
			isa = PBXSourcesBuildPhase;
			buildActionMask = 2147483647;
			files = (
				42C0D4CF1D34230AF6185719 /* KeyboardViewController.swift in Sources */,
				1F55595D4FC78BA27DD63183 /* SaywickActivityAttributes.swift in Sources */,
				66FC9039525129C9F3212D4B /* SharedAudioInbox.swift in Sources */,
				D421BF6B529B93158F38774F /* SharedContainerStore.swift in Sources */,
			);
			runOnlyForDeploymentPostprocessing = 0;
		};
		D0DBD916AB7DA8EA47253484 /* Sources */ = {
			isa = PBXSourcesBuildPhase;
			buildActionMask = 2147483647;
			files = (
				E61F2ED22F046885B833256A /* LocalVoiceKeyboardUITests.swift in Sources */,
			);
			runOnlyForDeploymentPostprocessing = 0;
		};
		F8F591A8DA75766A49C18D23 /* Sources */ = {
			isa = PBXSourcesBuildPhase;
			buildActionMask = 2147483647;
			files = (
				61AA3CC3A00DED11C9B771C7 /* ShareViewController.swift in Sources */,
				5124B18649C07B3A22B4FCA2 /* SharedAudioInbox.swift in Sources */,
			);
			runOnlyForDeploymentPostprocessing = 0;
		};
/* End PBXSourcesBuildPhase section */

/* Begin PBXTargetDependency section */
		5E18F0EE41344AA331D9A5AB /* PBXTargetDependency */ = {
			isa = PBXTargetDependency;
			target = 93E2176797081E948CCE463F /* LocalVoiceKeyboardExtension */;
			targetProxy = 12F621A88E079FDCB6EB3510 /* PBXContainerItemProxy */;
		};
		778E57D79822638A720B0A59 /* PBXTargetDependency */ = {
			isa = PBXTargetDependency;
			target = 72F7BEC905982E497B096DB3 /* SaywickStatus */;
			targetProxy = AC5D2BBCF27A48654D9CEEC5 /* PBXContainerItemProxy */;
		};
		B218FFFF6CDDB3F7D2D9DC62 /* PBXTargetDependency */ = {
			isa = PBXTargetDependency;
			target = 5020AFFF60B5BE4009505F87 /* LocalVoiceKeyboard */;
			targetProxy = D2A41F99BF891BF4E8263342 /* PBXContainerItemProxy */;
		};
		D3E7F38BF9C093EA9C868EA1 /* PBXTargetDependency */ = {
			isa = PBXTargetDependency;
			target = B1A8F5427508B0B1386238A0 /* SaywickShare */;
			targetProxy = 6DAD5102EA24A3BF498A0EDC /* PBXContainerItemProxy */;
		};
		F4D5DCE4817C315F85097FF7 /* PBXTargetDependency */ = {
			isa = PBXTargetDependency;
			target = 5020AFFF60B5BE4009505F87 /* LocalVoiceKeyboard */;
			targetProxy = A8D2F38A9C2BA90B51519E64 /* PBXContainerItemProxy */;
		};
/* End PBXTargetDependency section */

/* Begin XCBuildConfiguration section */
		0580FCE2F46E5CEEAAA1867D /* Release */ = {
			isa = XCBuildConfiguration;
			buildSettings = {
				BUNDLE_LOADER = "$(TEST_HOST)";
				GENERATE_INFOPLIST_FILE = YES;
				LD_RUNPATH_SEARCH_PATHS = (
					"$(inherited)",
					"@executable_path/Frameworks",
					"@loader_path/Frameworks",
				);
				PRODUCT_BUNDLE_IDENTIFIER = "$(BUNDLE_ID_PREFIX).app.uitests";
				SDKROOT = iphoneos;
				TARGETED_DEVICE_FAMILY = "1,2";
				TEST_TARGET_NAME = LocalVoiceKeyboard;
			};
			name = Release;
		};
		1E946388BC8D2C3EC79091B5 /* Debug */ = {
			isa = XCBuildConfiguration;
			baseConfigurationReference = 53D6E2EA1EED24AC7088DEC1 /* Base.xcconfig */;
			buildSettings = {
				ALWAYS_SEARCH_USER_PATHS = NO;
				CLANG_ANALYZER_NONNULL = YES;
				CLANG_ANALYZER_NUMBER_OBJECT_CONVERSION = YES_AGGRESSIVE;
				CLANG_CXX_LANGUAGE_STANDARD = "gnu++14";
				CLANG_CXX_LIBRARY = "libc++";
				CLANG_ENABLE_MODULES = YES;
				CLANG_ENABLE_OBJC_ARC = YES;
				CLANG_ENABLE_OBJC_WEAK = YES;
				CLANG_WARN_BLOCK_CAPTURE_AUTORELEASING = YES;
				CLANG_WARN_BOOL_CONVERSION = YES;
				CLANG_WARN_COMMA = YES;
				CLANG_WARN_CONSTANT_CONVERSION = YES;
				CLANG_WARN_DEPRECATED_OBJC_IMPLEMENTATIONS = YES;
				CLANG_WARN_DIRECT_OBJC_ISA_USAGE = YES_ERROR;
				CLANG_WARN_DOCUMENTATION_COMMENTS = YES;
				CLANG_WARN_EMPTY_BODY = YES;
				CLANG_WARN_ENUM_CONVERSION = YES;
				CLANG_WARN_INFINITE_RECURSION = YES;
				CLANG_WARN_INT_CONVERSION = YES;
				CLANG_WARN_NON_LITERAL_NULL_CONVERSION = YES;
				CLANG_WARN_OBJC_IMPLICIT_RETAIN_SELF = YES;
				CLANG_WARN_OBJC_LITERAL_CONVERSION = YES;
				CLANG_WARN_OBJC_ROOT_CLASS = YES_ERROR;
				CLANG_WARN_QUOTED_INCLUDE_IN_FRAMEWORK_HEADER = YES;
				CLANG_WARN_RANGE_LOOP_ANALYSIS = YES;
				CLANG_WARN_STRICT_PROTOTYPES = YES;
				CLANG_WARN_SUSPICIOUS_MOVE = YES;
				CLANG_WARN_UNGUARDED_AVAILABILITY = YES_AGGRESSIVE;
				CLANG_WARN_UNREACHABLE_CODE = YES;
				CLANG_WARN__DUPLICATE_METHOD_MATCH = YES;
				COPY_PHASE_STRIP = NO;
				DEBUG_INFORMATION_FORMAT = dwarf;
				ENABLE_STRICT_OBJC_MSGSEND = YES;
				ENABLE_TESTABILITY = YES;
				GCC_C_LANGUAGE_STANDARD = gnu11;
				GCC_DYNAMIC_NO_PIC = NO;
				GCC_NO_COMMON_BLOCKS = YES;
				GCC_OPTIMIZATION_LEVEL = 0;
				GCC_PREPROCESSOR_DEFINITIONS = (
					"$(inherited)",
					"DEBUG=1",
				);
				GCC_WARN_64_TO_32_BIT_CONVERSION = YES;
				GCC_WARN_ABOUT_RETURN_TYPE = YES_ERROR;
				GCC_WARN_UNDECLARED_SELECTOR = YES;
				GCC_WARN_UNINITIALIZED_AUTOS = YES_AGGRESSIVE;
				GCC_WARN_UNUSED_FUNCTION = YES;
				GCC_WARN_UNUSED_VARIABLE = YES;
				IPHONEOS_DEPLOYMENT_TARGET = 26.0;
				MTL_ENABLE_DEBUG_INFO = INCLUDE_SOURCE;
				MTL_FAST_MATH = YES;
				ONLY_ACTIVE_ARCH = YES;
				PRODUCT_NAME = "$(TARGET_NAME)";
				SDKROOT = iphoneos;
				SWIFT_ACTIVE_COMPILATION_CONDITIONS = DEBUG;
				SWIFT_OPTIMIZATION_LEVEL = "-Onone";
				SWIFT_STRICT_CONCURRENCY = complete;
				SWIFT_VERSION = 6.0;
				TARGETED_DEVICE_FAMILY = "1,2";
			};
			name = Debug;
		};
		22D001F31718DEC057CF0AF3 /* Debug */ = {
			isa = XCBuildConfiguration;
			buildSettings = {
				BUNDLE_LOADER = "$(TEST_HOST)";
				GENERATE_INFOPLIST_FILE = YES;
				LD_RUNPATH_SEARCH_PATHS = (
					"$(inherited)",
					"@executable_path/Frameworks",
					"@loader_path/Frameworks",
				);
				PRODUCT_BUNDLE_IDENTIFIER = "$(BUNDLE_ID_PREFIX).app.uitests";
				SDKROOT = iphoneos;
				TARGETED_DEVICE_FAMILY = "1,2";
				TEST_TARGET_NAME = LocalVoiceKeyboard;
			};
			name = Debug;
		};
		76719C9E9B947533483182A0 /* Debug */ = {
			isa = XCBuildConfiguration;
			buildSettings = {
				CODE_SIGN_ENTITLEMENTS = Config/ShareExtension.entitlements;
				INFOPLIST_FILE = "Config/ShareExtension-Info.plist";
				LD_RUNPATH_SEARCH_PATHS = (
					"$(inherited)",
					"@executable_path/Frameworks",
					"@executable_path/../../Frameworks",
				);
				PRODUCT_BUNDLE_IDENTIFIER = "$(BUNDLE_ID_PREFIX).app.share";
				SDKROOT = iphoneos;
				TARGETED_DEVICE_FAMILY = "1,2";
			};
			name = Debug;
		};
		852B40ECAC11D2621A2DBF11 /* Debug */ = {
			isa = XCBuildConfiguration;
			buildSettings = {
				CODE_SIGN_ENTITLEMENTS = Config/KeyboardExtension.entitlements;
				INFOPLIST_FILE = "Config/KeyboardExtension-Info.plist";
				LD_RUNPATH_SEARCH_PATHS = (
					"$(inherited)",
					"@executable_path/Frameworks",
					"@executable_path/../../Frameworks",
				);
				PRODUCT_BUNDLE_IDENTIFIER = "$(BUNDLE_ID_PREFIX).app.keyboard";
				SDKROOT = iphoneos;
				SKIP_INSTALL = YES;
				TARGETED_DEVICE_FAMILY = "1,2";
			};
			name = Debug;
		};
		8EFC2B27B49F8E09E8ABA84C /* Debug */ = {
			isa = XCBuildConfiguration;
			buildSettings = {
				ASSETCATALOG_COMPILER_APPICON_NAME = AppIcon;
				CODE_SIGN_ENTITLEMENTS = Config/LocalVoiceKeyboard.entitlements;
				CODE_SIGN_IDENTITY = "iPhone Developer";
				INFOPLIST_FILE = "Config/LocalVoiceKeyboard-Info.plist";
				LD_RUNPATH_SEARCH_PATHS = (
					"$(inherited)",
					"@executable_path/Frameworks",
				);
				PRODUCT_BUNDLE_IDENTIFIER = "$(BUNDLE_ID_PREFIX).app";
				SDKROOT = iphoneos;
				TARGETED_DEVICE_FAMILY = "1,2";
			};
			name = Debug;
		};
		BD945DAAEBD9958AA3167A7C /* Release */ = {
			isa = XCBuildConfiguration;
			baseConfigurationReference = 53D6E2EA1EED24AC7088DEC1 /* Base.xcconfig */;
			buildSettings = {
				ALWAYS_SEARCH_USER_PATHS = NO;
				CLANG_ANALYZER_NONNULL = YES;
				CLANG_ANALYZER_NUMBER_OBJECT_CONVERSION = YES_AGGRESSIVE;
				CLANG_CXX_LANGUAGE_STANDARD = "gnu++14";
				CLANG_CXX_LIBRARY = "libc++";
				CLANG_ENABLE_MODULES = YES;
				CLANG_ENABLE_OBJC_ARC = YES;
				CLANG_ENABLE_OBJC_WEAK = YES;
				CLANG_WARN_BLOCK_CAPTURE_AUTORELEASING = YES;
				CLANG_WARN_BOOL_CONVERSION = YES;
				CLANG_WARN_COMMA = YES;
				CLANG_WARN_CONSTANT_CONVERSION = YES;
				CLANG_WARN_DEPRECATED_OBJC_IMPLEMENTATIONS = YES;
				CLANG_WARN_DIRECT_OBJC_ISA_USAGE = YES_ERROR;
				CLANG_WARN_DOCUMENTATION_COMMENTS = YES;
				CLANG_WARN_EMPTY_BODY = YES;
				CLANG_WARN_ENUM_CONVERSION = YES;
				CLANG_WARN_INFINITE_RECURSION = YES;
				CLANG_WARN_INT_CONVERSION = YES;
				CLANG_WARN_NON_LITERAL_NULL_CONVERSION = YES;
				CLANG_WARN_OBJC_IMPLICIT_RETAIN_SELF = YES;
				CLANG_WARN_OBJC_LITERAL_CONVERSION = YES;
				CLANG_WARN_OBJC_ROOT_CLASS = YES_ERROR;
				CLANG_WARN_QUOTED_INCLUDE_IN_FRAMEWORK_HEADER = YES;
				CLANG_WARN_RANGE_LOOP_ANALYSIS = YES;
				CLANG_WARN_STRICT_PROTOTYPES = YES;
				CLANG_WARN_SUSPICIOUS_MOVE = YES;
				CLANG_WARN_UNGUARDED_AVAILABILITY = YES_AGGRESSIVE;
				CLANG_WARN_UNREACHABLE_CODE = YES;
				CLANG_WARN__DUPLICATE_METHOD_MATCH = YES;
				COPY_PHASE_STRIP = NO;
				DEBUG_INFORMATION_FORMAT = "dwarf-with-dsym";
				ENABLE_NS_ASSERTIONS = NO;
				ENABLE_STRICT_OBJC_MSGSEND = YES;
				GCC_C_LANGUAGE_STANDARD = gnu11;
				GCC_NO_COMMON_BLOCKS = YES;
				GCC_WARN_64_TO_32_BIT_CONVERSION = YES;
				GCC_WARN_ABOUT_RETURN_TYPE = YES_ERROR;
				GCC_WARN_UNDECLARED_SELECTOR = YES;
				GCC_WARN_UNINITIALIZED_AUTOS = YES_AGGRESSIVE;
				GCC_WARN_UNUSED_FUNCTION = YES;
				GCC_WARN_UNUSED_VARIABLE = YES;
				IPHONEOS_DEPLOYMENT_TARGET = 26.0;
				MTL_ENABLE_DEBUG_INFO = NO;
				MTL_FAST_MATH = YES;
				PRODUCT_NAME = "$(TARGET_NAME)";
				SDKROOT = iphoneos;
				SWIFT_COMPILATION_MODE = wholemodule;
				SWIFT_OPTIMIZATION_LEVEL = "-O";
				SWIFT_STRICT_CONCURRENCY = complete;
				SWIFT_VERSION = 6.0;
				TARGETED_DEVICE_FAMILY = "1,2";
			};
			name = Release;
		};
		C07D002CAE59D76EB87E32CF /* Release */ = {
			isa = XCBuildConfiguration;
			buildSettings = {
				CODE_SIGN_ENTITLEMENTS = Config/ShareExtension.entitlements;
				INFOPLIST_FILE = "Config/ShareExtension-Info.plist";
				LD_RUNPATH_SEARCH_PATHS = (
					"$(inherited)",
					"@executable_path/Frameworks",
					"@executable_path/../../Frameworks",
				);
				PRODUCT_BUNDLE_IDENTIFIER = "$(BUNDLE_ID_PREFIX).app.share";
				SDKROOT = iphoneos;
				TARGETED_DEVICE_FAMILY = "1,2";
			};
			name = Release;
		};
		C7174B6D3F0787178EF13B6F /* Release */ = {
			isa = XCBuildConfiguration;
			buildSettings = {
				BUNDLE_LOADER = "$(TEST_HOST)";
				GENERATE_INFOPLIST_FILE = YES;
				LD_RUNPATH_SEARCH_PATHS = (
					"$(inherited)",
					"@executable_path/Frameworks",
					"@loader_path/Frameworks",
				);
				PRODUCT_BUNDLE_IDENTIFIER = "$(BUNDLE_ID_PREFIX).app.tests";
				SDKROOT = iphoneos;
				TARGETED_DEVICE_FAMILY = "1,2";
				TEST_HOST = "$(BUILT_PRODUCTS_DIR)/LocalVoiceKeyboard.app/LocalVoiceKeyboard";
			};
			name = Release;
		};
		D0AA0995F3D41C62068D0951 /* Release */ = {
			isa = XCBuildConfiguration;
			buildSettings = {
				ASSETCATALOG_COMPILER_APPICON_NAME = AppIcon;
				CODE_SIGN_ENTITLEMENTS = Config/LocalVoiceKeyboard.entitlements;
				CODE_SIGN_IDENTITY = "iPhone Developer";
				INFOPLIST_FILE = "Config/LocalVoiceKeyboard-Info.plist";
				LD_RUNPATH_SEARCH_PATHS = (
					"$(inherited)",
					"@executable_path/Frameworks",
				);
				PRODUCT_BUNDLE_IDENTIFIER = "$(BUNDLE_ID_PREFIX).app";
				SDKROOT = iphoneos;
				TARGETED_DEVICE_FAMILY = "1,2";
			};
			name = Release;
		};
		D2637136E21DAE02950123BB /* Release */ = {
			isa = XCBuildConfiguration;
			buildSettings = {
				CODE_SIGN_ENTITLEMENTS = Config/KeyboardExtension.entitlements;
				INFOPLIST_FILE = "Config/KeyboardExtension-Info.plist";
				LD_RUNPATH_SEARCH_PATHS = (
					"$(inherited)",
					"@executable_path/Frameworks",
					"@executable_path/../../Frameworks",
				);
				PRODUCT_BUNDLE_IDENTIFIER = "$(BUNDLE_ID_PREFIX).app.keyboard";
				SDKROOT = iphoneos;
				SKIP_INSTALL = YES;
				TARGETED_DEVICE_FAMILY = "1,2";
			};
			name = Release;
		};
		DD4924DE342CE64A398942A9 /* Debug */ = {
			isa = XCBuildConfiguration;
			buildSettings = {
				INFOPLIST_FILE = "Config/StatusWidget-Info.plist";
				LD_RUNPATH_SEARCH_PATHS = (
					"$(inherited)",
					"@executable_path/Frameworks",
					"@executable_path/../../Frameworks",
				);
				PRODUCT_BUNDLE_IDENTIFIER = "$(BUNDLE_ID_PREFIX).app.status";
				SDKROOT = iphoneos;
				TARGETED_DEVICE_FAMILY = "1,2";
			};
			name = Debug;
		};
		E753E328F65172E5AF7C1A7B /* Release */ = {
			isa = XCBuildConfiguration;
			buildSettings = {
				INFOPLIST_FILE = "Config/StatusWidget-Info.plist";
				LD_RUNPATH_SEARCH_PATHS = (
					"$(inherited)",
					"@executable_path/Frameworks",
					"@executable_path/../../Frameworks",
				);
				PRODUCT_BUNDLE_IDENTIFIER = "$(BUNDLE_ID_PREFIX).app.status";
				SDKROOT = iphoneos;
				TARGETED_DEVICE_FAMILY = "1,2";
			};
			name = Release;
		};
		EC435325FC387425B6504C4C /* Debug */ = {
			isa = XCBuildConfiguration;
			buildSettings = {
				BUNDLE_LOADER = "$(TEST_HOST)";
				GENERATE_INFOPLIST_FILE = YES;
				LD_RUNPATH_SEARCH_PATHS = (
					"$(inherited)",
					"@executable_path/Frameworks",
					"@loader_path/Frameworks",
				);
				PRODUCT_BUNDLE_IDENTIFIER = "$(BUNDLE_ID_PREFIX).app.tests";
				SDKROOT = iphoneos;
				TARGETED_DEVICE_FAMILY = "1,2";
				TEST_HOST = "$(BUILT_PRODUCTS_DIR)/LocalVoiceKeyboard.app/LocalVoiceKeyboard";
			};
			name = Debug;
		};
/* End XCBuildConfiguration section */

/* Begin XCConfigurationList section */
		03734D6A07D9C75808D16C3F /* Build configuration list for PBXProject "LocalVoiceKeyboard" */ = {
			isa = XCConfigurationList;
			buildConfigurations = (
				1E946388BC8D2C3EC79091B5 /* Debug */,
				BD945DAAEBD9958AA3167A7C /* Release */,
			);
			defaultConfigurationIsVisible = 0;
			defaultConfigurationName = Debug;
		};
		35EA60D3C9F094D75188907D /* Build configuration list for PBXNativeTarget "SaywickAppTests" */ = {
			isa = XCConfigurationList;
			buildConfigurations = (
				EC435325FC387425B6504C4C /* Debug */,
				C7174B6D3F0787178EF13B6F /* Release */,
			);
			defaultConfigurationIsVisible = 0;
			defaultConfigurationName = Debug;
		};
		7EDC3A3B0FB92022E5BEC616 /* Build configuration list for PBXNativeTarget "SaywickStatus" */ = {
			isa = XCConfigurationList;
			buildConfigurations = (
				DD4924DE342CE64A398942A9 /* Debug */,
				E753E328F65172E5AF7C1A7B /* Release */,
			);
			defaultConfigurationIsVisible = 0;
			defaultConfigurationName = Debug;
		};
		91F2397A6B7EB26DE6D847F5 /* Build configuration list for PBXNativeTarget "LocalVoiceKeyboardExtension" */ = {
			isa = XCConfigurationList;
			buildConfigurations = (
				852B40ECAC11D2621A2DBF11 /* Debug */,
				D2637136E21DAE02950123BB /* Release */,
			);
			defaultConfigurationIsVisible = 0;
			defaultConfigurationName = Debug;
		};
		AF9D489BB0891C74AEE0F6BE /* Build configuration list for PBXNativeTarget "LocalVoiceKeyboardUITests" */ = {
			isa = XCConfigurationList;
			buildConfigurations = (
				22D001F31718DEC057CF0AF3 /* Debug */,
				0580FCE2F46E5CEEAAA1867D /* Release */,
			);
			defaultConfigurationIsVisible = 0;
			defaultConfigurationName = Debug;
		};
		B4BDB15D4375A4ABA7E5A88A /* Build configuration list for PBXNativeTarget "LocalVoiceKeyboard" */ = {
			isa = XCConfigurationList;
			buildConfigurations = (
				8EFC2B27B49F8E09E8ABA84C /* Debug */,
				D0AA0995F3D41C62068D0951 /* Release */,
			);
			defaultConfigurationIsVisible = 0;
			defaultConfigurationName = Debug;
		};
		E90733C033196DA05B3E75CA /* Build configuration list for PBXNativeTarget "SaywickShare" */ = {
			isa = XCConfigurationList;
			buildConfigurations = (
				76719C9E9B947533483182A0 /* Debug */,
				C07D002CAE59D76EB87E32CF /* Release */,
			);
			defaultConfigurationIsVisible = 0;
			defaultConfigurationName = Debug;
		};
/* End XCConfigurationList section */

/* Begin XCLocalSwiftPackageReference section */
		748CD0428E5D6DA0D955C4F9 /* XCLocalSwiftPackageReference "." */ = {
			isa = XCLocalSwiftPackageReference;
			relativePath = .;
		};
/* End XCLocalSwiftPackageReference section */

/* Begin XCRemoteSwiftPackageReference section */
		07719D75A433CCF4EA666C0A /* XCRemoteSwiftPackageReference "moonshine-swift" */ = {
			isa = XCRemoteSwiftPackageReference;
			repositoryURL = "https://github.com/moonshine-ai/moonshine-swift";
			requirement = {
				kind = exactVersion;
				version = 0.1.5;
			};
		};
/* End XCRemoteSwiftPackageReference section */

/* Begin XCSwiftPackageProductDependency section */
		9399BDD74AE5666DE389AE47 /* MoonshineVoice */ = {
			isa = XCSwiftPackageProductDependency;
			package = 07719D75A433CCF4EA666C0A /* XCRemoteSwiftPackageReference "moonshine-swift" */;
			productName = MoonshineVoice;
		};
		ADD1935DA754A8AA5761ECFF /* VoiceKeyboardCore */ = {
			isa = XCSwiftPackageProductDependency;
			productName = VoiceKeyboardCore;
		};
		D15228EBD676D4068BBB81CD /* VoiceKeyboardCore */ = {
			isa = XCSwiftPackageProductDependency;
			productName = VoiceKeyboardCore;
		};
/* End XCSwiftPackageProductDependency section */
	};
	rootObject = D9E1F69A3B09C6A606D20B84 /* Project object */;
}
